
Microsoft Visual Studio Solution File, Format Version 12.00
# Visual Studio 2012
Project("{FAE04EC0-301F-11D3-BF4B-00C04F79EFBC}") = "TrelloStats", "TrelloStats\TrelloStats.csproj", "{4202FE81-8AB3-48F6-828B-5F8E653F2CB0}"
EndProject
Project("{FAE04EC0-301F-11D3-BF4B-00C04F79EFBC}") = "TrelloStatsApp", "TrelloStatsApp\TrelloStatsApp.csproj", "{4AFCFD81-AE8A-4521-9EDB-2DBADC83AA36}"
EndProject
Global
	GlobalSection(SolutionConfigurationPlatforms) = preSolution
		Debug|Any CPU = Debug|Any CPU
		Release|Any CPU = Release|Any CPU
	EndGlobalSection
	GlobalSection(ProjectConfigurationPlatforms) = postSolution
		{4202FE81-8AB3-48F6-828B-5F8E653F2CB0}.Debug|Any CPU.ActiveCfg = Debug|Any CPU
		{4202FE81-8AB3-48F6-828B-5F8E653F2CB0}.Debug|Any CPU.Build.0 = Debug|Any CPU
		{4202FE81-8AB3-48F6-828B-5F8E653F2CB0}.Release|Any CPU.ActiveCfg = Release|Any CPU
		{4202FE81-8AB3-48F6-828B-5F8E653F2CB0}.Release|Any CPU.Build.0 = Release|Any CPU
		{4AFCFD81-AE8A-4521-9EDB-2DBADC83AA36}.Debug|Any CPU.ActiveCfg = Debug|Any CPU
		{4AFCFD81-AE8A-4521-9EDB-2DBADC83AA36}.Debug|Any CPU.Build.0 = Debug|Any CPU
		{4AFCFD81-AE8A-4521-9EDB-2DBADC83AA36}.Release|Any CPU.ActiveCfg = Release|Any CPU
		{4AFCFD81-AE8A-4521-9EDB-2DBADC83AA36}.Release|Any CPU.Build.0 = Release|Any CPU
	EndGlobalSection
	GlobalSection(SolutionProperties) = preSolution
		HideSolutionNode = FALSE
	EndGlobalSection
EndGlobal
